// !$*UTF8*$!
{
	archiveVersion = 1;
	classes = {
	};
	objectVersion = 56;
	objects = {

/* Begin PBXBuildFile section */
		28C468D920234C6D90E5D81E /* DiffusionView.swift in Sources */ = {isa = PBXBuildFile; fileRef = 68C46651E57046E7AB257F58 /* DiffusionView.swift */; };
		50696DC6D73042A68ED845746738E561 /* MessageTemplatesView.swift in Sources */ = {isa = PBXBuildFile; fileRef = 538847290387444C868DC1A6B6400A51 /* MessageTemplatesView.swift */; };
		56A0A44B30497C07001E71EE /* TimelineView.swift in Sources */ = {isa = PBXBuildFile; fileRef = 56A0A44A30497C06001E71EE /* TimelineView.swift */; };
		56A0A44C30497C07001E71EE /* CalendarViewModel.swift in Sources */ = {isa = PBXBuildFile; fileRef = 56A0A44830497C06001E71EE /* CalendarViewModel.swift */; };
		56A0A44D30497C07001E71EE /* MonthGridView.swift in Sources */ = {isa = PBXBuildFile; fileRef = 56A0A44930497C06001E71EE /* MonthGridView.swift */; };
		56A0A44E30497C07001E71EE /* CalendarView.swift in Sources */ = {isa = PBXBuildFile; fileRef = 56A0A44730497C06001E71EE /* CalendarView.swift */; };
		56A0A44F30497C07001E71EE /* CalendarNavBar.swift in Sources */ = {isa = PBXBuildFile; fileRef = 56A0A44630497C06001E71EE /* CalendarNavBar.swift */; };
		56A0A45230497C47001E71EE /* DayPrice.swift in Sources */ = {isa = PBXBuildFile; fileRef = 56A0A45030497C47001E71EE /* DayPrice.swift */; };
		56A0A45330497C47001E71EE /* Reservation.swift in Sources */ = {isa = PBXBuildFile; fileRef = 56A0A45130497C47001E71EE /* Reservation.swift */; };
		56A0A4573049D523001E71EE /* AccountViewModel.swift in Sources */ = {isa = PBXBuildFile; fileRef = 56A0A4553049D523001E71EE /* AccountViewModel.swift */; };
		56A0A4583049D523001E71EE /* AccountModels.swift in Sources */ = {isa = PBXBuildFile; fileRef = 56A0A4543049D523001E71EE /* AccountModels.swift */; };
		56A0A4593049D523001E71EE /* SubscriptionView.swift in Sources */ = {isa = PBXBuildFile; fileRef = 56A0A4563049D523001E71EE /* SubscriptionView.swift */; };
		56A0A45B3049DDDA001E71EE /* ProfileView.swift in Sources */ = {isa = PBXBuildFile; fileRef = 56A0A45A3049DDDA001E71EE /* ProfileView.swift */; };
		56A0A4603049E473001E71EE /* TeamViewModel.swift in Sources */ = {isa = PBXBuildFile; fileRef = 56A0A45F3049E473001E71EE /* TeamViewModel.swift */; };
		56A0A4613049E473001E71EE /* TeamMemberDetailView.swift in Sources */ = {isa = PBXBuildFile; fileRef = 56A0A45D3049E473001E71EE /* TeamMemberDetailView.swift */; };
		56A0A4623049E473001E71EE /* TeamModels.swift in Sources */ = {isa = PBXBuildFile; fileRef = 56A0A45E3049E473001E71EE /* TeamModels.swift */; };
		56A0A4633049E473001E71EE /* TeamListView.swift in Sources */ = {isa = PBXBuildFile; fileRef = 56A0A45C3049E473001E71EE /* TeamListView.swift */; };
		56A0A466304AF702001E71EE /* GoogleService-Info.plist in Resources */ = {isa = PBXBuildFile; fileRef = 56A0A465304AF702001E71EE /* GoogleService-Info.plist */; };
		56A0A46C304B0046001E71EE /* FirebaseMessaging in Frameworks */ = {isa = PBXBuildFile; productRef = 56A0A46B304B0046001E71EE /* FirebaseMessaging */; };
		56A0A46E304B00F3001E71EE /* PushNotificationManager.swift in Sources */ = {isa = PBXBuildFile; fileRef = 56A0A46D304B00F3001E71EE /* PushNotificationManager.swift */; };
		56A0A471304B63FC001E71EE /* CleaningModels.swift in Sources */ = {isa = PBXBuildFile; fileRef = 56A0A46F304B63FC001E71EE /* CleaningModels.swift */; };
		65E03D63AEBA4699A0CF40F9 /* DiffusionModels.swift in Sources */ = {isa = PBXBuildFile; fileRef = 519D6B78F2B444D6AFDDA223 /* DiffusionModels.swift */; };
		7A232E876B1D48298F5DBE1B /* CleanersView.swift in Sources */ = {isa = PBXBuildFile; fileRef = CD32EE0CC555482983B2C53D /* CleanersView.swift */; };
		882BD2EA9596428DA150A33F /* DiffusionViewModel.swift in Sources */ = {isa = PBXBuildFile; fileRef = FCEFF6EA47A84ED5A7DC5BBF /* DiffusionViewModel.swift */; };
		90DB6A4B20EF4967A542844C /* CleanersViewModel.swift in Sources */ = {isa = PBXBuildFile; fileRef = C4412B458E86403FB373BAFC /* CleanersViewModel.swift */; };
		A3DE9B2BC79B4A6788259F427A64DF5F /* MessageTemplatesViewModel.swift in Sources */ = {isa = PBXBuildFile; fileRef = 27B1909F5B2E4C3EA0CEDC5DDEC19352 /* MessageTemplatesViewModel.swift */; };
		AA11BB22CC33DD44EE55FF67 /* NotificationsView.swift in Sources */ = {isa = PBXBuildFile; fileRef = AA11BB22CC33DD44EE55FF66 /* NotificationsView.swift */; };
		AA11BB22CC33DD44EE55FF69 /* NotificationsViewModel.swift in Sources */ = {isa = PBXBuildFile; fileRef = AA11BB22CC33DD44EE55FF68 /* NotificationsViewModel.swift */; };
		AB0000000000000000000001 /* BoostinghostApp.swift in Sources */ = {isa = PBXBuildFile; fileRef = AB0000000000000000000102 /* BoostinghostApp.swift */; };
		AB0000000000000000000002 /* APIClient.swift in Sources */ = {isa = PBXBuildFile; fileRef = AB0000000000000000000103 /* APIClient.swift */; };
		AB0000000000000000000003 /* AuthStore.swift in Sources */ = {isa = PBXBuildFile; fileRef = AB0000000000000000000104 /* AuthStore.swift */; };
		AB0000000000000000000004 /* KeychainStore.swift in Sources */ = {isa = PBXBuildFile; fileRef = AB0000000000000000000105 /* KeychainStore.swift */; };
		AB0000000000000000000005 /* Endpoints.swift in Sources */ = {isa = PBXBuildFile; fileRef = AB0000000000000000000106 /* Endpoints.swift */; };
		AB0000000000000000000006 /* Formatters.swift in Sources */ = {isa = PBXBuildFile; fileRef = AB0000000000000000000107 /* Formatters.swift */; };
		AB0000000000000000000007 /* Session.swift in Sources */ = {isa = PBXBuildFile; fileRef = AB0000000000000000000108 /* Session.swift */; };
		AB0000000000000000000008 /* Assets.xcassets in Resources */ = {isa = PBXBuildFile; fileRef = AB0000000000000000000109 /* Assets.xcassets */; };
		AB0000000000000000000009 /* Preview Assets.xcassets in Resources */ = {isa = PBXBuildFile; fileRef = AB0000000000000000000110 /* Preview Assets.xcassets */; };
		AB0000000000000000000010 /* Palette.swift in Sources */ = {isa = PBXBuildFile; fileRef = AB0000000000000000000120 /* Palette.swift */; };
		AB0000000000000000000011 /* Materials.swift in Sources */ = {isa = PBXBuildFile; fileRef = AB0000000000000000000121 /* Materials.swift */; };
		AB0000000000000000000012 /* Typography.swift in Sources */ = {isa = PBXBuildFile; fileRef = AB0000000000000000000122 /* Typography.swift */; };
		AB0000000000000000000013 /* SectionLabel.swift in Sources */ = {isa = PBXBuildFile; fileRef = AB0000000000000000000123 /* SectionLabel.swift */; };
		AB0000000000000000000014 /* StatusPill.swift in Sources */ = {isa = PBXBuildFile; fileRef = AB0000000000000000000124 /* StatusPill.swift */; };
		AB0000000000000000000015 /* ListCard.swift in Sources */ = {isa = PBXBuildFile; fileRef = AB0000000000000000000125 /* ListCard.swift */; };
		AB0000000000000000000016 /* SegmentedGlass.swift in Sources */ = {isa = PBXBuildFile; fileRef = AB0000000000000000000126 /* SegmentedGlass.swift */; };
		AB0000000000000000000017 /* GlassNavBar.swift in Sources */ = {isa = PBXBuildFile; fileRef = AB0000000000000000000127 /* GlassNavBar.swift */; };
		AB0000000000000000000018 /* GlassTabBar.swift in Sources */ = {isa = PBXBuildFile; fileRef = AB0000000000000000000128 /* GlassTabBar.swift */; };
		AB0000000000000000000019 /* LoginViewModel.swift in Sources */ = {isa = PBXBuildFile; fileRef = AB0000000000000000000129 /* LoginViewModel.swift */; };
		AB0000000000000000000020 /* LoginView.swift in Sources */ = {isa = PBXBuildFile; fileRef = AB0000000000000000000130 /* LoginView.swift */; };
		AB0000000000000000000021 /* TodayModels.swift in Sources */ = {isa = PBXBuildFile; fileRef = AB0000000000000000000131 /* TodayModels.swift */; };
		AB0000000000000000000022 /* TodayViewModel.swift in Sources */ = {isa = PBXBuildFile; fileRef = AB0000000000000000000132 /* TodayViewModel.swift */; };
		AB0000000000000000000023 /* TodayView.swift in Sources */ = {isa = PBXBuildFile; fileRef = AB0000000000000000000133 /* TodayView.swift */; };
		AB0000000000000000000024 /* Conversation.swift in Sources */ = {isa = PBXBuildFile; fileRef = AB0000000000000000000134 /* Conversation.swift */; };
		AB0000000000000000000025 /* MessagesViewModel.swift in Sources */ = {isa = PBXBuildFile; fileRef = AB0000000000000000000135 /* MessagesViewModel.swift */; };
		AB0000000000000000000026 /* MessagesView.swift in Sources */ = {isa = PBXBuildFile; fileRef = AB0000000000000000000136 /* MessagesView.swift */; };
		AB0000000000000000000027 /* FlexInt.swift in Sources */ = {isa = PBXBuildFile; fileRef = AB0000000000000000000111 /* FlexInt.swift */; };
		AB0000000000000000000028 /* Message.swift in Sources */ = {isa = PBXBuildFile; fileRef = AB0000000000000000000137 /* Message.swift */; };
		AB0000000000000000000029 /* ConversationDetailViewModel.swift in Sources */ = {isa = PBXBuildFile; fileRef = AB0000000000000000000138 /* ConversationDetailViewModel.swift */; };
		AB000000000000000000002A /* ConversationDetailView.swift in Sources */ = {isa = PBXBuildFile; fileRef = AB0000000000000000000139 /* ConversationDetailView.swift */; };
		AB000000000000000000002B /* Property.swift in Sources */ = {isa = PBXBuildFile; fileRef = AB000000000000000000013A /* Property.swift */; };
		AB000000000000000000002C /* ManageHubViewModel.swift in Sources */ = {isa = PBXBuildFile; fileRef = AB000000000000000000013B /* ManageHubViewModel.swift */; };
		AB000000000000000000002D /* ManageHubView.swift in Sources */ = {isa = PBXBuildFile; fileRef = AB000000000000000000013C /* ManageHubView.swift */; };
		AB000000000000000000002E /* PropertiesView.swift in Sources */ = {isa = PBXBuildFile; fileRef = AB000000000000000000013D /* PropertiesView.swift */; };
		AB000000000000000000002F /* CleaningView.swift in Sources */ = {isa = PBXBuildFile; fileRef = AB000000000000000000013E /* CleaningView.swift */; };
		56A0A481304B63FC001E71EE /* CleaningViewModel.swift in Sources */ = {isa = PBXBuildFile; fileRef = 56A0A480304B63FC001E71EE /* CleaningViewModel.swift */; };
		AB0000000000000000000030 /* OwnersView.swift in Sources */ = {isa = PBXBuildFile; fileRef = AB000000000000000000013F /* OwnersView.swift */; };
		AB0000000000000000000031 /* StaysView.swift in Sources */ = {isa = PBXBuildFile; fileRef = AB0000000000000000000140 /* StaysView.swift */; };
		AB0000000000000000000032 /* ManageModels.swift in Sources */ = {isa = PBXBuildFile; fileRef = AB0000000000000000000141 /* ManageModels.swift */; };
		AB0000000000000000000033 /* AccountSheet.swift in Sources */ = {isa = PBXBuildFile; fileRef = AB0000000000000000000142 /* AccountSheet.swift */; };
		AB0000000000000000000034 /* AccountSwitcherSheet.swift in Sources */ = {isa = PBXBuildFile; fileRef = AB0000000000000000000143 /* AccountSwitcherSheet.swift */; };
		AB0000000000000000000035 /* Reporting.swift in Sources */ = {isa = PBXBuildFile; fileRef = AB0000000000000000000144 /* Reporting.swift */; };
		AB0000000000000000000036 /* RevenusView.swift in Sources */ = {isa = PBXBuildFile; fileRef = AB0000000000000000000145 /* RevenusView.swift */; };
		B1C7E4920A3F4D5E82F6A3B1C9D02E47 /* TemplateEditView.swift in Sources */ = {isa = PBXBuildFile; fileRef = E3D8F2A14B6C4E0A9F7C1D8B5E2A3C06 /* TemplateEditView.swift */; };
/* End PBXBuildFile section */

/* Begin PBXFileReference section */
		27B1909F5B2E4C3EA0CEDC5DDEC19352 /* MessageTemplatesViewModel.swift */ = {isa = PBXFileReference; lastKnownFileType = sourcecode.swift; path = MessageTemplatesViewModel.swift; sourceTree = "<group>"; };
		519D6B78F2B444D6AFDDA223 /* DiffusionModels.swift */ = {isa = PBXFileReference; lastKnownFileType = sourcecode.swift; path = DiffusionModels.swift; sourceTree = "<group>"; };
		538847290387444C868DC1A6B6400A51 /* MessageTemplatesView.swift */ = {isa = PBXFileReference; lastKnownFileType = sourcecode.swift; path = MessageTemplatesView.swift; sourceTree = "<group>"; };
		56A0A44630497C06001E71EE /* CalendarNavBar.swift */ = {isa = PBXFileReference; lastKnownFileType = sourcecode.swift; path = CalendarNavBar.swift; sourceTree = "<group>"; };
		56A0A44730497C06001E71EE /* CalendarView.swift */ = {isa = PBXFileReference; lastKnownFileType = sourcecode.swift; path = CalendarView.swift; sourceTree = "<group>"; };
		56A0A44830497C06001E71EE /* CalendarViewModel.swift */ = {isa = PBXFileReference; lastKnownFileType = sourcecode.swift; path = CalendarViewModel.swift; sourceTree = "<group>"; };
		56A0A44930497C06001E71EE /* MonthGridView.swift */ = {isa = PBXFileReference; lastKnownFileType = sourcecode.swift; path = MonthGridView.swift; sourceTree = "<group>"; };
		56A0A44A30497C06001E71EE /* TimelineView.swift */ = {isa = PBXFileReference; lastKnownFileType = sourcecode.swift; path = TimelineView.swift; sourceTree = "<group>"; };
		56A0A45030497C47001E71EE /* DayPrice.swift */ = {isa = PBXFileReference; lastKnownFileType = sourcecode.swift; path = DayPrice.swift; sourceTree = "<group>"; };
		56A0A45130497C47001E71EE /* Reservation.swift */ = {isa = PBXFileReference; lastKnownFileType = sourcecode.swift; path = Reservation.swift; sourceTree = "<group>"; };
		56A0A4543049D523001E71EE /* AccountModels.swift */ = {isa = PBXFileReference; lastKnownFileType = sourcecode.swift; path = AccountModels.swift; sourceTree = "<group>"; };
		56A0A4553049D523001E71EE /* AccountViewModel.swift */ = {isa = PBXFileReference; lastKnownFileType = sourcecode.swift; path = AccountViewModel.swift; sourceTree = "<group>"; };
		56A0A4563049D523001E71EE /* SubscriptionView.swift */ = {isa = PBXFileReference; lastKnownFileType = sourcecode.swift; path = SubscriptionView.swift; sourceTree = "<group>"; };
		56A0A45A3049DDDA001E71EE /* ProfileView.swift */ = {isa = PBXFileReference; lastKnownFileType = sourcecode.swift; path = ProfileView.swift; sourceTree = "<group>"; };
		56A0A45C3049E473001E71EE /* TeamListView.swift */ = {isa = PBXFileReference; lastKnownFileType = sourcecode.swift; path = TeamListView.swift; sourceTree = "<group>"; };
		56A0A45D3049E473001E71EE /* TeamMemberDetailView.swift */ = {isa = PBXFileReference; lastKnownFileType = sourcecode.swift; path = TeamMemberDetailView.swift; sourceTree = "<group>"; };
		56A0A45E3049E473001E71EE /* TeamModels.swift */ = {isa = PBXFileReference; lastKnownFileType = sourcecode.swift; path = TeamModels.swift; sourceTree = "<group>"; };
		56A0A45F3049E473001E71EE /* TeamViewModel.swift */ = {isa = PBXFileReference; lastKnownFileType = sourcecode.swift; path = TeamViewModel.swift; sourceTree = "<group>"; };
		56A0A464304AF6BA001E71EE /* Boostinghost.entitlements */ = {isa = PBXFileReference; lastKnownFileType = text.plist.entitlements; path = Boostinghost.entitlements; sourceTree = "<group>"; };
		56A0A465304AF702001E71EE /* GoogleService-Info.plist */ = {isa = PBXFileReference; lastKnownFileType = text.plist.xml; path = "GoogleService-Info.plist"; sourceTree = "<group>"; };
		56A0A467304AF72A001E71EE /* Info.plist */ = {isa = PBXFileReference; lastKnownFileType = text.plist; path = Info.plist; sourceTree = "<group>"; };
		56A0A46D304B00F3001E71EE /* PushNotificationManager.swift */ = {isa = PBXFileReference; lastKnownFileType = sourcecode.swift; path = PushNotificationManager.swift; sourceTree = "<group>"; };
		56A0A46F304B63FC001E71EE /* CleaningModels.swift */ = {isa = PBXFileReference; lastKnownFileType = sourcecode.swift; path = CleaningModels.swift; sourceTree = "<group>"; };
		68C46651E57046E7AB257F58 /* DiffusionView.swift */ = {isa = PBXFileReference; lastKnownFileType = sourcecode.swift; path = DiffusionView.swift; sourceTree = "<group>"; };
		AA11BB22CC33DD44EE55FF66 /* NotificationsView.swift */ = {isa = PBXFileReference; lastKnownFileType = sourcecode.swift; path = NotificationsView.swift; sourceTree = "<group>"; };
		AA11BB22CC33DD44EE55FF68 /* NotificationsViewModel.swift */ = {isa = PBXFileReference; lastKnownFileType = sourcecode.swift; path = NotificationsViewModel.swift; sourceTree = "<group>"; };
		AB0000000000000000000101 /* Boostinghost.app */ = {isa = PBXFileReference; explicitFileType = wrapper.application; includeInIndex = 0; path = Boostinghost.app; sourceTree = BUILT_PRODUCTS_DIR; };
		AB0000000000000000000102 /* BoostinghostApp.swift */ = {isa = PBXFileReference; lastKnownFileType = sourcecode.swift; path = BoostinghostApp.swift; sourceTree = "<group>"; };
		AB0000000000000000000103 /* APIClient.swift */ = {isa = PBXFileReference; lastKnownFileType = sourcecode.swift; path = APIClient.swift; sourceTree = "<group>"; };
		AB0000000000000000000104 /* AuthStore.swift */ = {isa = PBXFileReference; lastKnownFileType = sourcecode.swift; path = AuthStore.swift; sourceTree = "<group>"; };
		AB0000000000000000000105 /* KeychainStore.swift */ = {isa = PBXFileReference; lastKnownFileType = sourcecode.swift; path = KeychainStore.swift; sourceTree = "<group>"; };
		AB0000000000000000000106 /* Endpoints.swift */ = {isa = PBXFileReference; lastKnownFileType = sourcecode.swift; path = Endpoints.swift; sourceTree = "<group>"; };
		AB0000000000000000000107 /* Formatters.swift */ = {isa = PBXFileReference; lastKnownFileType = sourcecode.swift; path = Formatters.swift; sourceTree = "<group>"; };
		AB0000000000000000000108 /* Session.swift */ = {isa = PBXFileReference; lastKnownFileType = sourcecode.swift; path = Session.swift; sourceTree = "<group>"; };
		AB0000000000000000000109 /* Assets.xcassets */ = {isa = PBXFileReference; lastKnownFileType = folder.assetcatalog; path = Assets.xcassets; sourceTree = "<group>"; };
		AB0000000000000000000110 /* Preview Assets.xcassets */ = {isa = PBXFileReference; lastKnownFileType = folder.assetcatalog; path = "Preview Assets.xcassets"; sourceTree = "<group>"; };
		AB0000000000000000000111 /* FlexInt.swift */ = {isa = PBXFileReference; lastKnownFileType = sourcecode.swift; path = FlexInt.swift; sourceTree = "<group>"; };
		AB0000000000000000000120 /* Palette.swift */ = {isa = PBXFileReference; lastKnownFileType = sourcecode.swift; path = Palette.swift; sourceTree = "<group>"; };
		AB0000000000000000000121 /* Materials.swift */ = {isa = PBXFileReference; lastKnownFileType = sourcecode.swift; path = Materials.swift; sourceTree = "<group>"; };
		AB0000000000000000000122 /* Typography.swift */ = {isa = PBXFileReference; lastKnownFileType = sourcecode.swift; path = Typography.swift; sourceTree = "<group>"; };
		AB0000000000000000000123 /* SectionLabel.swift */ = {isa = PBXFileReference; lastKnownFileType = sourcecode.swift; path = SectionLabel.swift; sourceTree = "<group>"; };
		AB0000000000000000000124 /* StatusPill.swift */ = {isa = PBXFileReference; lastKnownFileType = sourcecode.swift; path = StatusPill.swift; sourceTree = "<group>"; };
		AB0000000000000000000125 /* ListCard.swift */ = {isa = PBXFileReference; lastKnownFileType = sourcecode.swift; path = ListCard.swift; sourceTree = "<group>"; };
		AB0000000000000000000126 /* SegmentedGlass.swift */ = {isa = PBXFileReference; lastKnownFileType = sourcecode.swift; path = SegmentedGlass.swift; sourceTree = "<group>"; };
		AB0000000000000000000127 /* GlassNavBar.swift */ = {isa = PBXFileReference; lastKnownFileType = sourcecode.swift; path = GlassNavBar.swift; sourceTree = "<group>"; };
		AB0000000000000000000128 /* GlassTabBar.swift */ = {isa = PBXFileReference; lastKnownFileType = sourcecode.swift; path = GlassTabBar.swift; sourceTree = "<group>"; };
		AB0000000000000000000129 /* LoginViewModel.swift */ = {isa = PBXFileReference; lastKnownFileType = sourcecode.swift; path = LoginViewModel.swift; sourceTree = "<group>"; };
		AB0000000000000000000130 /* LoginView.swift */ = {isa = PBXFileReference; lastKnownFileType = sourcecode.swift; path = LoginView.swift; sourceTree = "<group>"; };
		AB0000000000000000000131 /* TodayModels.swift */ = {isa = PBXFileReference; lastKnownFileType = sourcecode.swift; path = TodayModels.swift; sourceTree = "<group>"; };
		AB0000000000000000000132 /* TodayViewModel.swift */ = {isa = PBXFileReference; lastKnownFileType = sourcecode.swift; path = TodayViewModel.swift; sourceTree = "<group>"; };
		AB0000000000000000000133 /* TodayView.swift */ = {isa = PBXFileReference; lastKnownFileType = sourcecode.swift; path = TodayView.swift; sourceTree = "<group>"; };
		AB0000000000000000000134 /* Conversation.swift */ = {isa = PBXFileReference; lastKnownFileType = sourcecode.swift; path = Conversation.swift; sourceTree = "<group>"; };
		AB0000000000000000000135 /* MessagesViewModel.swift */ = {isa = PBXFileReference; lastKnownFileType = sourcecode.swift; path = MessagesViewModel.swift; sourceTree = "<group>"; };
		AB0000000000000000000136 /* MessagesView.swift */ = {isa = PBXFileReference; lastKnownFileType = sourcecode.swift; path = MessagesView.swift; sourceTree = "<group>"; };
		AB0000000000000000000137 /* Message.swift */ = {isa = PBXFileReference; lastKnownFileType = sourcecode.swift; path = Message.swift; sourceTree = "<group>"; };
		AB0000000000000000000138 /* ConversationDetailViewModel.swift */ = {isa = PBXFileReference; lastKnownFileType = sourcecode.swift; path = ConversationDetailViewModel.swift; sourceTree = "<group>"; };
		AB0000000000000000000139 /* ConversationDetailView.swift */ = {isa = PBXFileReference; lastKnownFileType = sourcecode.swift; path = ConversationDetailView.swift; sourceTree = "<group>"; };
		AB000000000000000000013A /* Property.swift */ = {isa = PBXFileReference; lastKnownFileType = sourcecode.swift; path = Property.swift; sourceTree = "<group>"; };
		AB000000000000000000013B /* ManageHubViewModel.swift */ = {isa = PBXFileReference; lastKnownFileType = sourcecode.swift; path = ManageHubViewModel.swift; sourceTree = "<group>"; };
		AB000000000000000000013C /* ManageHubView.swift */ = {isa = PBXFileReference; lastKnownFileType = sourcecode.swift; path = ManageHubView.swift; sourceTree = "<group>"; };
		AB000000000000000000013D /* PropertiesView.swift */ = {isa = PBXFileReference; lastKnownFileType = sourcecode.swift; path = PropertiesView.swift; sourceTree = "<group>"; };
		AB000000000000000000013E /* CleaningView.swift */ = {isa = PBXFileReference; lastKnownFileType = sourcecode.swift; path = CleaningView.swift; sourceTree = "<group>"; };
		56A0A480304B63FC001E71EE /* CleaningViewModel.swift */ = {isa = PBXFileReference; lastKnownFileType = sourcecode.swift; path = CleaningViewModel.swift; sourceTree = "<group>"; };
		AB000000000000000000013F /* OwnersView.swift */ = {isa = PBXFileReference; lastKnownFileType = sourcecode.swift; path = OwnersView.swift; sourceTree = "<group>"; };
		AB0000000000000000000140 /* StaysView.swift */ = {isa = PBXFileReference; lastKnownFileType = sourcecode.swift; path = StaysView.swift; sourceTree = "<group>"; };
		AB0000000000000000000141 /* ManageModels.swift */ = {isa = PBXFileReference; lastKnownFileType = sourcecode.swift; path = ManageModels.swift; sourceTree = "<group>"; };
		AB0000000000000000000142 /* AccountSheet.swift */ = {isa = PBXFileReference; lastKnownFileType = sourcecode.swift; path = AccountSheet.swift; sourceTree = "<group>"; };
		AB0000000000000000000143 /* AccountSwitcherSheet.swift */ = {isa = PBXFileReference; lastKnownFileType = sourcecode.swift; path = AccountSwitcherSheet.swift; sourceTree = "<group>"; };
		AB0000000000000000000144 /* Reporting.swift */ = {isa = PBXFileReference; lastKnownFileType = sourcecode.swift; path = Reporting.swift; sourceTree = "<group>"; };
		AB0000000000000000000145 /* RevenusView.swift */ = {isa = PBXFileReference; lastKnownFileType = sourcecode.swift; path = RevenusView.swift; sourceTree = "<group>"; };
		C4412B458E86403FB373BAFC /* CleanersViewModel.swift */ = {isa = PBXFileReference; lastKnownFileType = sourcecode.swift; path = CleanersViewModel.swift; sourceTree = "<group>"; };
		CD32EE0CC555482983B2C53D /* CleanersView.swift */ = {isa = PBXFileReference; lastKnownFileType = sourcecode.swift; path = CleanersView.swift; sourceTree = "<group>"; };
		E3D8F2A14B6C4E0A9F7C1D8B5E2A3C06 /* TemplateEditView.swift */ = {isa = PBXFileReference; lastKnownFileType = sourcecode.swift; path = TemplateEditView.swift; sourceTree = "<group>"; };
		FCEFF6EA47A84ED5A7DC5BBF /* DiffusionViewModel.swift */ = {isa = PBXFileReference; lastKnownFileType = sourcecode.swift; path = DiffusionViewModel.swift; sourceTree = "<group>"; };
/* End PBXFileReference section */

/* Begin PBXFrameworksBuildPhase section */
		AB0000000000000000000303 /* Frameworks */ = {
			isa = PBXFrameworksBuildPhase;
			buildActionMask = 2147483647;
			files = (
				56A0A46C304B0046001E71EE /* FirebaseMessaging in Frameworks */,
			);
			runOnlyForDeploymentPostprocessing = 0;
		};
/* End PBXFrameworksBuildPhase section */

/* Begin PBXGroup section */
		AB0000000000000000000201 = {
			isa = PBXGroup;
			children = (
				AB0000000000000000000202 /* Boostinghost */,
				AB0000000000000000000211 /* Products */,
			);
			sourceTree = "<group>";
		};
		AB0000000000000000000202 /* Boostinghost */ = {
			isa = PBXGroup;
			children = (
				56A0A467304AF72A001E71EE /* Info.plist */,
				56A0A465304AF702001E71EE /* GoogleService-Info.plist */,
				56A0A464304AF6BA001E71EE /* Boostinghost.entitlements */,
				AB0000000000000000000102 /* BoostinghostApp.swift */,
				AB0000000000000000000203 /* Core */,
				AB0000000000000000000204 /* Design */,
				AB0000000000000000000206 /* Features */,
				AB0000000000000000000209 /* Models */,
				AB0000000000000000000109 /* Assets.xcassets */,
				AB0000000000000000000210 /* Preview Content */,
			);
			path = Boostinghost;
			sourceTree = "<group>";
		};
		AB0000000000000000000203 /* Core */ = {
			isa = PBXGroup;
			children = (
				AB0000000000000000000103 /* APIClient.swift */,
				AB0000000000000000000104 /* AuthStore.swift */,
				AB0000000000000000000111 /* FlexInt.swift */,
				AB0000000000000000000105 /* KeychainStore.swift */,
				AB0000000000000000000106 /* Endpoints.swift */,
				AB0000000000000000000107 /* Formatters.swift */,
				56A0A46D304B00F3001E71EE /* PushNotificationManager.swift */,
			);
			path = Core;
			sourceTree = "<group>";
		};
		AB0000000000000000000204 /* Design */ = {
			isa = PBXGroup;
			children = (
				AB0000000000000000000120 /* Palette.swift */,
				AB0000000000000000000121 /* Materials.swift */,
				AB0000000000000000000122 /* Typography.swift */,
				AB0000000000000000000205 /* Components */,
			);
			path = Design;
			sourceTree = "<group>";
		};
		AB0000000000000000000205 /* Components */ = {
			isa = PBXGroup;
			children = (
				AB0000000000000000000123 /* SectionLabel.swift */,
				AB0000000000000000000124 /* StatusPill.swift */,
				AB0000000000000000000125 /* ListCard.swift */,
				AB0000000000000000000126 /* SegmentedGlass.swift */,
				AB0000000000000000000127 /* GlassNavBar.swift */,
				AB0000000000000000000128 /* GlassTabBar.swift */,
			);
			path = Components;
			sourceTree = "<group>";
		};
		AB0000000000000000000206 /* Features */ = {
			isa = PBXGroup;
			children = (
				AB0000000000000000000207 /* Auth */,
				AB0000000000000000000208 /* Today */,
				AB0000000000000000000212 /* Calendar */,
				AB0000000000000000000213 /* Messages */,
				AB0000000000000000000214 /* Manage */,
				AB0000000000000000000215 /* Account */,
				56A0A44630497C06001E71EE /* CalendarNavBar.swift */,
				56A0A44730497C06001E71EE /* CalendarView.swift */,
				56A0A44830497C06001E71EE /* CalendarViewModel.swift */,
				56A0A44930497C06001E71EE /* MonthGridView.swift */,
				56A0A44A30497C06001E71EE /* TimelineView.swift */,
				AB0000000000000000000145 /* RevenusView.swift */,
			);
			path = Features;
			sourceTree = "<group>";
		};
		AB0000000000000000000207 /* Auth */ = {
			isa = PBXGroup;
			children = (
				AB0000000000000000000129 /* LoginViewModel.swift */,
				AB0000000000000000000130 /* LoginView.swift */,
			);
			path = Auth;
			sourceTree = "<group>";
		};
		AB0000000000000000000208 /* Today */ = {
			isa = PBXGroup;
			children = (
				AB0000000000000000000131 /* TodayModels.swift */,
				AB0000000000000000000132 /* TodayViewModel.swift */,
				AB0000000000000000000133 /* TodayView.swift */,
			);
			path = Today;
			sourceTree = "<group>";
		};
		AB0000000000000000000209 /* Models */ = {
			isa = PBXGroup;
			children = (
				AB0000000000000000000108 /* Session.swift */,
				AB0000000000000000000134 /* Conversation.swift */,
				AB0000000000000000000137 /* Message.swift */,
				AB000000000000000000013A /* Property.swift */,
				56A0A45030497C47001E71EE /* DayPrice.swift */,
				56A0A45130497C47001E71EE /* Reservation.swift */,
				AB0000000000000000000144 /* Reporting.swift */,
				56A0A46F304B63FC001E71EE /* CleaningModels.swift */,
			);
			path = Models;
			sourceTree = "<group>";
		};
		AB0000000000000000000210 /* Preview Content */ = {
			isa = PBXGroup;
			children = (
				AB0000000000000000000110 /* Preview Assets.xcassets */,
			);
			path = "Preview Content";
			sourceTree = "<group>";
		};
		AB0000000000000000000211 /* Products */ = {
			isa = PBXGroup;
			children = (
				AB0000000000000000000101 /* Boostinghost.app */,
			);
			name = Products;
			sourceTree = "<group>";
		};
		AB0000000000000000000212 /* Calendar */ = {
			isa = PBXGroup;
			children = (
			);
			path = Calendar;
			sourceTree = "<group>";
		};
		AB0000000000000000000213 /* Messages */ = {
			isa = PBXGroup;
			children = (
				AB0000000000000000000135 /* MessagesViewModel.swift */,
				AB0000000000000000000136 /* MessagesView.swift */,
				AB0000000000000000000138 /* ConversationDetailViewModel.swift */,
				AB0000000000000000000139 /* ConversationDetailView.swift */,
			);
			path = Messages;
			sourceTree = "<group>";
		};
		AB0000000000000000000214 /* Manage */ = {
			isa = PBXGroup;
			children = (
				AB000000000000000000013B /* ManageHubViewModel.swift */,
				AB000000000000000000013C /* ManageHubView.swift */,
				AB000000000000000000013D /* PropertiesView.swift */,
				AB000000000000000000013E /* CleaningView.swift */,
				56A0A480304B63FC001E71EE /* CleaningViewModel.swift */,
				AB000000000000000000013F /* OwnersView.swift */,
				AB0000000000000000000140 /* StaysView.swift */,
				AB0000000000000000000141 /* ManageModels.swift */,
				C4412B458E86403FB373BAFC /* CleanersViewModel.swift */,
				CD32EE0CC555482983B2C53D /* CleanersView.swift */,
			);
			path = Manage;
			sourceTree = "<group>";
		};
		AB0000000000000000000215 /* Account */ = {
			isa = PBXGroup;
			children = (
				AB0000000000000000000142 /* AccountSheet.swift */,
				AB0000000000000000000143 /* AccountSwitcherSheet.swift */,
				56A0A4543049D523001E71EE /* AccountModels.swift */,
				56A0A4553049D523001E71EE /* AccountViewModel.swift */,
				56A0A4563049D523001E71EE /* SubscriptionView.swift */,
				56A0A45A3049DDDA001E71EE /* ProfileView.swift */,
				56A0A45C3049E473001E71EE /* TeamListView.swift */,
				56A0A45D3049E473001E71EE /* TeamMemberDetailView.swift */,
				56A0A45E3049E473001E71EE /* TeamModels.swift */,
				56A0A45F3049E473001E71EE /* TeamViewModel.swift */,
				519D6B78F2B444D6AFDDA223 /* DiffusionModels.swift */,
				FCEFF6EA47A84ED5A7DC5BBF /* DiffusionViewModel.swift */,
				68C46651E57046E7AB257F58 /* DiffusionView.swift */,
				27B1909F5B2E4C3EA0CEDC5DDEC19352 /* MessageTemplatesViewModel.swift */,
				538847290387444C868DC1A6B6400A51 /* MessageTemplatesView.swift */,
				E3D8F2A14B6C4E0A9F7C1D8B5E2A3C06 /* TemplateEditView.swift */,
				AA11BB22CC33DD44EE55FF66 /* NotificationsView.swift */,
				AA11BB22CC33DD44EE55FF68 /* NotificationsViewModel.swift */,
			);
			path = Account;
			sourceTree = "<group>";
		};
/* End PBXGroup section */

/* Begin PBXNativeTarget section */
		AB0000000000000000000401 /* Boostinghost */ = {
			isa = PBXNativeTarget;
			buildConfigurationList = AB0000000000000000000404 /* Build configuration list for PBXNativeTarget "Boostinghost" */;
			buildPhases = (
				AB0000000000000000000301 /* Sources */,
				AB0000000000000000000302 /* Resources */,
				AB0000000000000000000303 /* Frameworks */,
			);
			buildRules = (
			);
			dependencies = (
			);
			name = Boostinghost;
			productName = Boostinghost;
			productReference = AB0000000000000000000101 /* Boostinghost.app */;
			productType = "com.apple.product-type.application";
		};
/* End PBXNativeTarget section */

/* Begin PBXProject section */
		AB0000000000000000000402 /* Project object */ = {
			isa = PBXProject;
			attributes = {
				BuildIndependentTargetsInParallel = 1;
				LastSwiftUpdateCheck = 1600;
				LastUpgradeCheck = 2700;
				TargetAttributes = {
					AB0000000000000000000401 = {
						CreatedOnToolsVersion = 16.0;
					};
				};
			};
			buildConfigurationList = AB0000000000000000000403 /* Build configuration list for PBXProject "Boostinghost" */;
			compatibilityVersion = "Xcode 14.0";
			developmentRegion = fr;
			hasScannedForEncodings = 0;
			knownRegions = (
				fr,
				en,
				Base,
			);
			mainGroup = AB0000000000000000000201;
			packageReferences = (
				56A0A46A304B0046001E71EE /* XCRemoteSwiftPackageReference "firebase-ios-sdk" */,
			);
			productRefGroup = AB0000000000000000000211 /* Products */;
			projectDirPath = "";
			projectRoot = "";
			targets = (
				AB0000000000000000000401 /* Boostinghost */,
			);
		};
/* End PBXProject section */

/* Begin PBXResourcesBuildPhase section */
		AB0000000000000000000302 /* Resources */ = {
			isa = PBXResourcesBuildPhase;
			buildActionMask = 2147483647;
			files = (
				AB0000000000000000000008 /* Assets.xcassets in Resources */,
				AB0000000000000000000009 /* Preview Assets.xcassets in Resources */,
				56A0A466304AF702001E71EE /* GoogleService-Info.plist in Resources */,
			);
			runOnlyForDeploymentPostprocessing = 0;
		};
/* End PBXResourcesBuildPhase section */

/* Begin PBXSourcesBuildPhase section */
		AB0000000000000000000301 /* Sources */ = {
			isa = PBXSourcesBuildPhase;
			buildActionMask = 2147483647;
			files = (
				AB0000000000000000000001 /* BoostinghostApp.swift in Sources */,
				AB0000000000000000000002 /* APIClient.swift in Sources */,
				AB0000000000000000000003 /* AuthStore.swift in Sources */,
				AB0000000000000000000004 /* KeychainStore.swift in Sources */,
				56A0A45230497C47001E71EE /* DayPrice.swift in Sources */,
				56A0A45330497C47001E71EE /* Reservation.swift in Sources */,
				AB0000000000000000000005 /* Endpoints.swift in Sources */,
				AB0000000000000000000006 /* Formatters.swift in Sources */,
				56A0A471304B63FC001E71EE /* CleaningModels.swift in Sources */,
				AB0000000000000000000007 /* Session.swift in Sources */,
				AB0000000000000000000027 /* FlexInt.swift in Sources */,
				56A0A44B30497C07001E71EE /* TimelineView.swift in Sources */,
				56A0A44C30497C07001E71EE /* CalendarViewModel.swift in Sources */,
				56A0A4603049E473001E71EE /* TeamViewModel.swift in Sources */,
				56A0A4613049E473001E71EE /* TeamMemberDetailView.swift in Sources */,
				56A0A4623049E473001E71EE /* TeamModels.swift in Sources */,
				56A0A4633049E473001E71EE /* TeamListView.swift in Sources */,
				56A0A44D30497C07001E71EE /* MonthGridView.swift in Sources */,
				56A0A44E30497C07001E71EE /* CalendarView.swift in Sources */,
				56A0A46E304B00F3001E71EE /* PushNotificationManager.swift in Sources */,
				56A0A44F30497C07001E71EE /* CalendarNavBar.swift in Sources */,
				AB0000000000000000000010 /* Palette.swift in Sources */,
				AB0000000000000000000011 /* Materials.swift in Sources */,
				AB0000000000000000000012 /* Typography.swift in Sources */,
				AB0000000000000000000013 /* SectionLabel.swift in Sources */,
				AB0000000000000000000014 /* StatusPill.swift in Sources */,
				AB0000000000000000000015 /* ListCard.swift in Sources */,
				AB0000000000000000000016 /* SegmentedGlass.swift in Sources */,
				AB0000000000000000000017 /* GlassNavBar.swift in Sources */,
				AB0000000000000000000018 /* GlassTabBar.swift in Sources */,
				AB0000000000000000000019 /* LoginViewModel.swift in Sources */,
				AB0000000000000000000020 /* LoginView.swift in Sources */,
				AB0000000000000000000021 /* TodayModels.swift in Sources */,
				AB0000000000000000000022 /* TodayViewModel.swift in Sources */,
				AB0000000000000000000023 /* TodayView.swift in Sources */,
				AB0000000000000000000024 /* Conversation.swift in Sources */,
				AB0000000000000000000025 /* MessagesViewModel.swift in Sources */,
				AB0000000000000000000026 /* MessagesView.swift in Sources */,
				AB0000000000000000000028 /* Message.swift in Sources */,
				AB0000000000000000000029 /* ConversationDetailViewModel.swift in Sources */,
				AB000000000000000000002A /* ConversationDetailView.swift in Sources */,
				AB000000000000000000002B /* Property.swift in Sources */,
				AB000000000000000000002C /* ManageHubViewModel.swift in Sources */,
				AB000000000000000000002D /* ManageHubView.swift in Sources */,
				AB000000000000000000002E /* PropertiesView.swift in Sources */,
				AB000000000000000000002F /* CleaningView.swift in Sources */,
				56A0A481304B63FC001E71EE /* CleaningViewModel.swift in Sources */,
				AB0000000000000000000030 /* OwnersView.swift in Sources */,
				AB0000000000000000000031 /* StaysView.swift in Sources */,
				56A0A4573049D523001E71EE /* AccountViewModel.swift in Sources */,
				56A0A45B3049DDDA001E71EE /* ProfileView.swift in Sources */,
				56A0A4583049D523001E71EE /* AccountModels.swift in Sources */,
				56A0A4593049D523001E71EE /* SubscriptionView.swift in Sources */,
				AB0000000000000000000032 /* ManageModels.swift in Sources */,
				AB0000000000000000000033 /* AccountSheet.swift in Sources */,
				AB0000000000000000000034 /* AccountSwitcherSheet.swift in Sources */,
				AB0000000000000000000035 /* Reporting.swift in Sources */,
				AB0000000000000000000036 /* RevenusView.swift in Sources */,
				65E03D63AEBA4699A0CF40F9 /* DiffusionModels.swift in Sources */,
				882BD2EA9596428DA150A33F /* DiffusionViewModel.swift in Sources */,
				28C468D920234C6D90E5D81E /* DiffusionView.swift in Sources */,
				90DB6A4B20EF4967A542844C /* CleanersViewModel.swift in Sources */,
				7A232E876B1D48298F5DBE1B /* CleanersView.swift in Sources */,
				A3DE9B2BC79B4A6788259F427A64DF5F /* MessageTemplatesViewModel.swift in Sources */,
				50696DC6D73042A68ED845746738E561 /* MessageTemplatesView.swift in Sources */,
				B1C7E4920A3F4D5E82F6A3B1C9D02E47 /* TemplateEditView.swift in Sources */,
				AA11BB22CC33DD44EE55FF67 /* NotificationsView.swift in Sources */,
				AA11BB22CC33DD44EE55FF69 /* NotificationsViewModel.swift in Sources */,
			);
			runOnlyForDeploymentPostprocessing = 0;
		};
/* End PBXSourcesBuildPhase section */

/* Begin XCBuildConfiguration section */
		AB0000000000000000000405 /* Debug */ = {
			isa = XCBuildConfiguration;
			buildSettings = {
				ALWAYS_SEARCH_USER_PATHS = NO;
				ASSETCATALOG_COMPILER_GENERATE_SWIFT_ASSET_SYMBOL_EXTENSIONS = YES;
				CLANG_ANALYZER_LOCALIZABILITY_NONLOCALIZED = YES;
				CLANG_ANALYZER_NONNULL = YES;
				CLANG_ANALYZER_NUMBER_OBJECT_CONVERSION = YES_AGGRESSIVE;
				CLANG_CXX_LANGUAGE_STANDARD = "gnu++20";
				CLANG_ENABLE_MODULES = YES;
				CLANG_ENABLE_OBJC_ARC = YES;
				CLANG_ENABLE_OBJC_WEAK = YES;
				CLANG_WARN_BLOCK_CAPTURE_AUTORELEASING = YES;
				CLANG_WARN_BOOL_CONVERSION = YES;
				CLANG_WARN_COMMA = YES;
				CLANG_WARN_CONSTANT_CONVERSION = YES;
				CLANG_WARN_DEPRECATED_OBJC_IMPLEMENTATIONS = YES;
				CLANG_WARN_DIRECT_OBJC_ISA_USAGE = YES_ERROR;
				CLANG_WARN_DOCUMENTATION_COMMENTS = YES;
				CLANG_WARN_EMPTY_BODY = YES;
				CLANG_WARN_ENUM_CONVERSION = YES;
				CLANG_WARN_INFINITE_RECURSION = YES;
				CLANG_WARN_INT_CONVERSION = YES;
				CLANG_WARN_NON_LITERAL_NULL_CONVERSION = YES;
				CLANG_WARN_OBJC_IMPLICIT_RETAIN_SELF = YES;
				CLANG_WARN_OBJC_LITERAL_CONVERSION = YES;
				CLANG_WARN_OBJC_ROOT_CLASS = YES_ERROR;
				CLANG_WARN_QUOTED_INCLUDE_IN_FRAMEWORK_HEADER = YES;
				CLANG_WARN_RANGE_LOOP_ANALYSIS = YES;
				CLANG_WARN_STRICT_PROTOTYPES = YES;
				CLANG_WARN_SUSPICIOUS_MOVE = YES;
				CLANG_WARN_UNGUARDED_AVAILABILITY = YES_AGGRESSIVE;
				CLANG_WARN_UNREACHABLE_CODE = YES;
				CLANG_WARN__DUPLICATE_METHOD_MATCH = YES;
				COPY_PHASE_STRIP = NO;
				DEBUG_INFORMATION_FORMAT = dwarf;
				DEVELOPMENT_TEAM = H5H2Y3S26J;
				ENABLE_STRICT_OBJC_MSGSEND = YES;
				ENABLE_TESTABILITY = YES;
				ENABLE_USER_SCRIPT_SANDBOXING = YES;
				GCC_C_LANGUAGE_STANDARD = gnu17;
				GCC_DYNAMIC_NO_PIC = NO;
				GCC_NO_COMMON_BLOCKS = YES;
				GCC_OPTIMIZATION_LEVEL = 0;
				GCC_PREPROCESSOR_DEFINITIONS = (
					"DEBUG=1",
					"$(inherited)",
				);
				GCC_WARN_64_TO_32_BIT_CONVERSION = YES;
				GCC_WARN_ABOUT_RETURN_TYPE = YES_ERROR;
				GCC_WARN_UNDECLARED_SELECTOR = YES;
				GCC_WARN_UNINITIALIZED_AUTOS = YES_AGGRESSIVE;
				GCC_WARN_UNUSED_FUNCTION = YES;
				GCC_WARN_UNUSED_VARIABLE = YES;
				IPHONEOS_DEPLOYMENT_TARGET = 26.0;
				LOCALIZATION_PREFERS_STRING_CATALOGS = YES;
				MTL_ENABLE_DEBUG_INFO = INCLUDE_SOURCE;
				MTL_FAST_MATH = YES;
				ONLY_ACTIVE_ARCH = YES;
				SDKROOT = iphoneos;
				STRING_CATALOG_GENERATE_SYMBOLS = YES;
				SWIFT_ACTIVE_COMPILATION_CONDITIONS = "DEBUG $(inherited)";
				SWIFT_OPTIMIZATION_LEVEL = "-Onone";
				SWIFT_VERSION = 6.0;
			};
			name = Debug;
		};
		AB0000000000000000000406 /* Release */ = {
			isa = XCBuildConfiguration;
			buildSettings = {
				ALWAYS_SEARCH_USER_PATHS = NO;
				ASSETCATALOG_COMPILER_GENERATE_SWIFT_ASSET_SYMBOL_EXTENSIONS = YES;
				CLANG_ANALYZER_LOCALIZABILITY_NONLOCALIZED = YES;
				CLANG_ANALYZER_NONNULL = YES;
				CLANG_ANALYZER_NUMBER_OBJECT_CONVERSION = YES_AGGRESSIVE;
				CLANG_CXX_LANGUAGE_STANDARD = "gnu++20";
				CLANG_ENABLE_MODULES = YES;
				CLANG_ENABLE_OBJC_ARC = YES;
				CLANG_ENABLE_OBJC_WEAK = YES;
				CLANG_WARN_BLOCK_CAPTURE_AUTORELEASING = YES;
				CLANG_WARN_BOOL_CONVERSION = YES;
				CLANG_WARN_COMMA = YES;
				CLANG_WARN_CONSTANT_CONVERSION = YES;
				CLANG_WARN_DEPRECATED_OBJC_IMPLEMENTATIONS = YES;
				CLANG_WARN_DIRECT_OBJC_ISA_USAGE = YES_ERROR;
				CLANG_WARN_DOCUMENTATION_COMMENTS = YES;
				CLANG_WARN_EMPTY_BODY = YES;
				CLANG_WARN_ENUM_CONVERSION = YES;
				CLANG_WARN_INFINITE_RECURSION = YES;
				CLANG_WARN_INT_CONVERSION = YES;
				CLANG_WARN_NON_LITERAL_NULL_CONVERSION = YES;
				CLANG_WARN_OBJC_IMPLICIT_RETAIN_SELF = YES;
				CLANG_WARN_OBJC_LITERAL_CONVERSION = YES;
				CLANG_WARN_OBJC_ROOT_CLASS = YES_ERROR;
				CLANG_WARN_QUOTED_INCLUDE_IN_FRAMEWORK_HEADER = YES;
				CLANG_WARN_RANGE_LOOP_ANALYSIS = YES;
				CLANG_WARN_STRICT_PROTOTYPES = YES;
				CLANG_WARN_SUSPICIOUS_MOVE = YES;
				CLANG_WARN_UNGUARDED_AVAILABILITY = YES_AGGRESSIVE;
				CLANG_WARN_UNREACHABLE_CODE = YES;
				CLANG_WARN__DUPLICATE_METHOD_MATCH = YES;
				COPY_PHASE_STRIP = NO;
				DEBUG_INFORMATION_FORMAT = "dwarf-with-dsym";
				DEVELOPMENT_TEAM = H5H2Y3S26J;
				ENABLE_NS_ASSERTIONS = NO;
				ENABLE_STRICT_OBJC_MSGSEND = YES;
				ENABLE_USER_SCRIPT_SANDBOXING = YES;
				GCC_C_LANGUAGE_STANDARD = gnu17;
				GCC_NO_COMMON_BLOCKS = YES;
				GCC_WARN_64_TO_32_BIT_CONVERSION = YES;
				GCC_WARN_ABOUT_RETURN_TYPE = YES_ERROR;
				GCC_WARN_UNDECLARED_SELECTOR = YES;
				GCC_WARN_UNINITIALIZED_AUTOS = YES_AGGRESSIVE;
				GCC_WARN_UNUSED_FUNCTION = YES;
				GCC_WARN_UNUSED_VARIABLE = YES;
				IPHONEOS_DEPLOYMENT_TARGET = 26.0;
				LOCALIZATION_PREFERS_STRING_CATALOGS = YES;
				MTL_FAST_MATH = YES;
				SDKROOT = iphoneos;
				STRING_CATALOG_GENERATE_SYMBOLS = YES;
				SWIFT_COMPILATION_MODE = wholemodule;
				SWIFT_VERSION = 6.0;
				VALIDATE_PRODUCT = YES;
			};
			name = Release;
		};
		AB0000000000000000000407 /* Debug */ = {
			isa = XCBuildConfiguration;
			buildSettings = {
				ASSETCATALOG_COMPILER_APPICON_NAME = AppIcon;
				ASSETCATALOG_COMPILER_GLOBAL_ACCENT_COLOR_NAME = AccentColor;
				CODE_SIGN_ENTITLEMENTS = Boostinghost/Boostinghost.entitlements;
				CODE_SIGN_STYLE = Automatic;
				CURRENT_PROJECT_VERSION = 1;
				ENABLE_PREVIEWS = YES;
				GENERATE_INFOPLIST_FILE = YES;
				INFOPLIST_FILE = Boostinghost/Info.plist;
				INFOPLIST_KEY_CFBundleDisplayName = Boostinghost;
				INFOPLIST_KEY_NSFaceIDUsageDescription = "Face ID permet d'accéder à votre espace sans ressaisir votre mot de passe.";
				INFOPLIST_KEY_UIApplicationSupportsIndirectInputEvents = YES;
				INFOPLIST_KEY_UILaunchScreen_Generation = YES;
				INFOPLIST_KEY_UISupportedInterfaceOrientations_iPhone = UIInterfaceOrientationPortrait;
				LD_RUNPATH_SEARCH_PATHS = (
					"$(inherited)",
					"@executable_path/Frameworks",
				);
				MARKETING_VERSION = 1.0;
				PRODUCT_BUNDLE_IDENTIFIER = com.boostinghost.app;
				PRODUCT_NAME = "$(TARGET_NAME)";
				SWIFT_EMIT_LOC_STRINGS = YES;
				SWIFT_VERSION = 6.0;
				TARGETED_DEVICE_FAMILY = 1;
			};
			name = Debug;
		};
		AB0000000000000000000408 /* Release */ = {
			isa = XCBuildConfiguration;
			buildSettings = {
				ASSETCATALOG_COMPILER_APPICON_NAME = AppIcon;
				ASSETCATALOG_COMPILER_GLOBAL_ACCENT_COLOR_NAME = AccentColor;
				CODE_SIGN_ENTITLEMENTS = Boostinghost/Boostinghost.entitlements;
				CODE_SIGN_STYLE = Automatic;
				CURRENT_PROJECT_VERSION = 1;
				ENABLE_PREVIEWS = YES;
				GENERATE_INFOPLIST_FILE = YES;
				INFOPLIST_FILE = Boostinghost/Info.plist;
				INFOPLIST_KEY_CFBundleDisplayName = Boostinghost;
				INFOPLIST_KEY_NSFaceIDUsageDescription = "Face ID permet d'accéder à votre espace sans ressaisir votre mot de passe.";
				INFOPLIST_KEY_UIApplicationSupportsIndirectInputEvents = YES;
				INFOPLIST_KEY_UILaunchScreen_Generation = YES;
				INFOPLIST_KEY_UISupportedInterfaceOrientations_iPhone = UIInterfaceOrientationPortrait;
				LD_RUNPATH_SEARCH_PATHS = (
					"$(inherited)",
					"@executable_path/Frameworks",
				);
				MARKETING_VERSION = 1.0;
				PRODUCT_BUNDLE_IDENTIFIER = com.boostinghost.app;
				PRODUCT_NAME = "$(TARGET_NAME)";
				SWIFT_EMIT_LOC_STRINGS = YES;
				SWIFT_VERSION = 6.0;
				TARGETED_DEVICE_FAMILY = 1;
			};
			name = Release;
		};
/* End XCBuildConfiguration section */

/* Begin XCConfigurationList section */
		AB0000000000000000000403 /* Build configuration list for PBXProject "Boostinghost" */ = {
			isa = XCConfigurationList;
			buildConfigurations = (
				AB0000000000000000000405 /* Debug */,
				AB0000000000000000000406 /* Release */,
			);
			defaultConfigurationIsVisible = 0;
			defaultConfigurationName = Release;
		};
		AB0000000000000000000404 /* Build configuration list for PBXNativeTarget "Boostinghost" */ = {
			isa = XCConfigurationList;
			buildConfigurations = (
				AB0000000000000000000407 /* Debug */,
				AB0000000000000000000408 /* Release */,
			);
			defaultConfigurationIsVisible = 0;
			defaultConfigurationName = Release;
		};
/* End XCConfigurationList section */

/* Begin XCRemoteSwiftPackageReference section */
		56A0A46A304B0046001E71EE /* XCRemoteSwiftPackageReference "firebase-ios-sdk" */ = {
			isa = XCRemoteSwiftPackageReference;
			repositoryURL = "https://github.com/firebase/firebase-ios-sdk";
			requirement = {
				kind = exactVersion;
				version = 12.17.0;
			};
		};
/* End XCRemoteSwiftPackageReference section */

/* Begin XCSwiftPackageProductDependency section */
		56A0A46B304B0046001E71EE /* FirebaseMessaging */ = {
			isa = XCSwiftPackageProductDependency;
			package = 56A0A46A304B0046001E71EE /* XCRemoteSwiftPackageReference "firebase-ios-sdk" */;
			productName = FirebaseMessaging;
		};
/* End XCSwiftPackageProductDependency section */
	};
	rootObject = AB0000000000000000000402 /* Project object */;
}
